{
  "name": "products-api",
  "version": "1.0.0",
  "lockfileVersion": 3,
  "requires": true,
  "packages": {
    "": {
      "name": "products-api",
      "version": "1.0.0",
      "license": "ISC",
      "dependencies": {
        "graphql": "...",
        "graphql-yoga": "..."
      }
    },
    "...": {},
    "node_modules/graphql": {
      "resolved": "...",
      "link": true
    },
    "node_modules/graphql-yoga": {
      "resolved": "...",
      "link": true
    }
  }
}
